
Microsoft Visual Studio Solution File, Format Version 12.00
# Visual Studio Version 17
VisualStudioVersion = 17.14.36414.22
MinimumVisualStudioVersion = 10.0.40219.1
Project("{2150E333-8FDC-42A3-9474-1A3956D46DE8}") = "Task0", "Task0", "{02EA681E-C7D8-13C7-8484-4AC65E1B71E8}"
EndProject
Project("{FAE04EC0-301F-11D3-BF4B-00C04F79EFBC}") = "Tyuiu.VitovskayaAN.Sprint0.Task0.V0", "Tyuiu.VitovskayaAN.Sprint0.Task0.V0\Tyuiu.VitovskayaAN.Sprint0.Task0.V0.csproj", "{3EC75FFC-FD6E-4527-92FE-CF9CBE306890}"
EndProject
Project("{2150E333-8FDC-42A3-9474-1A3956D46DE8}") = "Task1", "Task1", "{E1219D95-2C95-48B7-A654-A39ECFD5B910}"
EndProject
Project("{FAE04EC0-301F-11D3-BF4B-00C04F79EFBC}") = "Tyuiu.VitovskayaAN.Sprint0.Task1.V0", "Tyuiu.VitovskayaAN.Sprint0.Task1.V0\Tyuiu.VitovskayaAN.Sprint0.Task1.V0.csproj", "{AA949C00-3E3F-419C-8CB0-2B9A4249A379}"
EndProject
Project("{2150E333-8FDC-42A3-9474-1A3956D46DE8}") = "Task2", "Task2", "{3FA46009-7CEA-47A9-AC09-24E9AD9CD79F}"
EndProject
Project("{FAE04EC0-301F-11D3-BF4B-00C04F79EFBC}") = "Tyuiu.VitovskayaAN.Sprint0.Task2.V0", "Tyuiu.VitovskayaAN.Sprint0.Task2.V0\Tyuiu.VitovskayaAN.Sprint0.Task2.V0.csproj", "{093BFA28-E638-411C-90F5-8ADFBAB5FAC3}"
EndProject
Project("{FAE04EC0-301F-11D3-BF4B-00C04F79EFBC}") = "Tyuiu.VitovskayaAN.Sprint0.Task2.V0.Lib", "Tyuiu.VitovskayaAN.Sprint0.Task2.V0.Lib\Tyuiu.VitovskayaAN.Sprint0.Task2.V0.Lib.csproj", "{F71D269A-060A-4AAA-9686-EE1DE1B85D6F}"
EndProject
Project("{FAE04EC0-301F-11D3-BF4B-00C04F79EFBC}") = "Tyuiu.VitovskayaAN.Sprint0.Task2.V0.Test", "Tyuiu.VitovskayaAN.Sprint0.Task2.V0.Tes\Tyuiu.VitovskayaAN.Sprint0.Task2.V0.Test.csproj", "{02E3F6D9-063C-4CE9-9C93-2FC86921C95F}"
EndProject
Project("{2150E333-8FDC-42A3-9474-1A3956D46DE8}") = "Task3", "Task3", "{8A9106CC-7A80-467D-ADCE-FC9365D6303E}"
EndProject
Project("{FAE04EC0-301F-11D3-BF4B-00C04F79EFBC}") = "Tyuiu.VitovskayaAN.Sprint0.Task3.V0", "Tyuiu.VitovskayaAN.Sprint0.Task3.V0\Tyuiu.VitovskayaAN.Sprint0.Task3.V0.csproj", "{E6FE2CE3-6170-48F7-8DF0-AC99480FFB2D}"
EndProject
Project("{FAE04EC0-301F-11D3-BF4B-00C04F79EFBC}") = "Tyuiu.VitovskayaAN.Sprint0.Task3.V0.Lib", "Tyuiu.VitovskayaAN.Sprint0.Task3.V0.Lib\Tyuiu.VitovskayaAN.Sprint0.Task3.V0.Lib.csproj", "{794C2018-9ABE-4453-A94C-57FBC374B29E}"
EndProject
Project("{FAE04EC0-301F-11D3-BF4B-00C04F79EFBC}") = "Tyuiu.VitovskayaAN.Sprint0.Task3.V0.Test", "Tyuiu.VitovskayaAN.Sprint0.Task3.V0.Test\Tyuiu.VitovskayaAN.Sprint0.Task3.V0.Test.csproj", "{74877EB4-E6BC-435B-B8EE-DA4C59CD20EB}"
EndProject
Project("{2150E333-8FDC-42A3-9474-1A3956D46DE8}") = "Task4", "Task4", "{B661D24C-801D-45F3-B521-56F85B2456FF}"
EndProject
Project("{FAE04EC0-301F-11D3-BF4B-00C04F79EFBC}") = "Tyuiu.VitovskayaAN.Sprint0.Task4.V0", "Tyuiu.VitovskayaAN.Sprint0.Task4.V0\Tyuiu.VitovskayaAN.Sprint0.Task4.V0.csproj", "{5AF58793-337C-49E2-8A36-7BB6F339A40F}"
EndProject
Project("{FAE04EC0-301F-11D3-BF4B-00C04F79EFBC}") = "Tyuiu.VitovskayaAN.Sprint0.Task4.V0.Lib", "Tyuiu.VitovskayaAN.Sprint0.Task4.V0.Lib\Tyuiu.VitovskayaAN.Sprint0.Task4.V0.Lib.csproj", "{2C3D634F-C185-41F3-96BC-2DDF4C06E3D8}"
EndProject
Project("{FAE04EC0-301F-11D3-BF4B-00C04F79EFBC}") = "Tyuiu.VitovskayaAN.Sprint0.Task4.V0.Test", "Tyuiu.VitovskayaAN.Sprint0.Task4.V0.Test\Tyuiu.VitovskayaAN.Sprint0.Task4.V0.Test.csproj", "{55A0D1C5-8BD7-49E8-B9A5-EED669426A0B}"
EndProject
Global
	GlobalSection(SolutionConfigurationPlatforms) = preSolution
		Debug|Any CPU = Debug|Any CPU
		Release|Any CPU = Release|Any CPU
	EndGlobalSection
	GlobalSection(ProjectConfigurationPlatforms) = postSolution
		{3EC75FFC-FD6E-4527-92FE-CF9CBE306890}.Debug|Any CPU.ActiveCfg = Debug|Any CPU
		{3EC75FFC-FD6E-4527-92FE-CF9CBE306890}.Debug|Any CPU.Build.0 = Debug|Any CPU
		{3EC75FFC-FD6E-4527-92FE-CF9CBE306890}.Release|Any CPU.ActiveCfg = Release|Any CPU
		{3EC75FFC-FD6E-4527-92FE-CF9CBE306890}.Release|Any CPU.Build.0 = Release|Any CPU
		{AA949C00-3E3F-419C-8CB0-2B9A4249A379}.Debug|Any CPU.ActiveCfg = Debug|Any CPU
		{AA949C00-3E3F-419C-8CB0-2B9A4249A379}.Debug|Any CPU.Build.0 = Debug|Any CPU
		{AA949C00-3E3F-419C-8CB0-2B9A4249A379}.Release|Any CPU.ActiveCfg = Release|Any CPU
		{AA949C00-3E3F-419C-8CB0-2B9A4249A379}.Release|Any CPU.Build.0 = Release|Any CPU
		{093BFA28-E638-411C-90F5-8ADFBAB5FAC3}.Debug|Any CPU.ActiveCfg = Debug|Any CPU
		{093BFA28-E638-411C-90F5-8ADFBAB5FAC3}.Debug|Any CPU.Build.0 = Debug|Any CPU
		{093BFA28-E638-411C-90F5-8ADFBAB5FAC3}.Release|Any CPU.ActiveCfg = Release|Any CPU
		{093BFA28-E638-411C-90F5-8ADFBAB5FAC3}.Release|Any CPU.Build.0 = Release|Any CPU
		{F71D269A-060A-4AAA-9686-EE1DE1B85D6F}.Debug|Any CPU.ActiveCfg = Debug|Any CPU
		{F71D269A-060A-4AAA-9686-EE1DE1B85D6F}.Debug|Any CPU.Build.0 = Debug|Any CPU
		{F71D269A-060A-4AAA-9686-EE1DE1B85D6F}.Release|Any CPU.ActiveCfg = Release|Any CPU
		{F71D269A-060A-4AAA-9686-EE1DE1B85D6F}.Release|Any CPU.Build.0 = Release|Any CPU
		{02E3F6D9-063C-4CE9-9C93-2FC86921C95F}.Debug|Any CPU.ActiveCfg = Debug|x64
		{02E3F6D9-063C-4CE9-9C93-2FC86921C95F}.Debug|Any CPU.Build.0 = Debug|x64
		{02E3F6D9-063C-4CE9-9C93-2FC86921C95F}.Debug|Any CPU.Deploy.0 = Debug|x64
		{02E3F6D9-063C-4CE9-9C93-2FC86921C95F}.Release|Any CPU.ActiveCfg = Release|x64
		{02E3F6D9-063C-4CE9-9C93-2FC86921C95F}.Release|Any CPU.Build.0 = Release|x64
		{02E3F6D9-063C-4CE9-9C93-2FC86921C95F}.Release|Any CPU.Deploy.0 = Release|x64
		{E6FE2CE3-6170-48F7-8DF0-AC99480FFB2D}.Debug|Any CPU.ActiveCfg = Debug|Any CPU
		{E6FE2CE3-6170-48F7-8DF0-AC99480FFB2D}.Debug|Any CPU.Build.0 = Debug|Any CPU
		{E6FE2CE3-6170-48F7-8DF0-AC99480FFB2D}.Release|Any CPU.ActiveCfg = Release|Any CPU
		{E6FE2CE3-6170-48F7-8DF0-AC99480FFB2D}.Release|Any CPU.Build.0 = Release|Any CPU
		{794C2018-9ABE-4453-A94C-57FBC374B29E}.Debug|Any CPU.ActiveCfg = Debug|Any CPU
		{794C2018-9ABE-4453-A94C-57FBC374B29E}.Debug|Any CPU.Build.0 = Debug|Any CPU
		{794C2018-9ABE-4453-A94C-57FBC374B29E}.Release|Any CPU.ActiveCfg = Release|Any CPU
		{794C2018-9ABE-4453-A94C-57FBC374B29E}.Release|Any CPU.Build.0 = Release|Any CPU
		{74877EB4-E6BC-435B-B8EE-DA4C59CD20EB}.Debug|Any CPU.ActiveCfg = Debug|x64
		{74877EB4-E6BC-435B-B8EE-DA4C59CD20EB}.Debug|Any CPU.Build.0 = Debug|x64
		{74877EB4-E6BC-435B-B8EE-DA4C59CD20EB}.Debug|Any CPU.Deploy.0 = Debug|x64
		{74877EB4-E6BC-435B-B8EE-DA4C59CD20EB}.Release|Any CPU.ActiveCfg = Release|x64
		{74877EB4-E6BC-435B-B8EE-DA4C59CD20EB}.Release|Any CPU.Build.0 = Release|x64
		{74877EB4-E6BC-435B-B8EE-DA4C59CD20EB}.Release|Any CPU.Deploy.0 = Release|x64
		{5AF58793-337C-49E2-8A36-7BB6F339A40F}.Debug|Any CPU.ActiveCfg = Debug|Any CPU
		{5AF58793-337C-49E2-8A36-7BB6F339A40F}.Debug|Any CPU.Build.0 = Debug|Any CPU
		{5AF58793-337C-49E2-8A36-7BB6F339A40F}.Release|Any CPU.ActiveCfg = Release|Any CPU
		{5AF58793-337C-49E2-8A36-7BB6F339A40F}.Release|Any CPU.Build.0 = Release|Any CPU
		{2C3D634F-C185-41F3-96BC-2DDF4C06E3D8}.Debug|Any CPU.ActiveCfg = Debug|Any CPU
		{2C3D634F-C185-41F3-96BC-2DDF4C06E3D8}.Debug|Any CPU.Build.0 = Debug|Any CPU
		{2C3D634F-C185-41F3-96BC-2DDF4C06E3D8}.Release|Any CPU.ActiveCfg = Release|Any CPU
		{2C3D634F-C185-41F3-96BC-2DDF4C06E3D8}.Release|Any CPU.Build.0 = Release|Any CPU
		{55A0D1C5-8BD7-49E8-B9A5-EED669426A0B}.Debug|Any CPU.ActiveCfg = Debug|x64
		{55A0D1C5-8BD7-49E8-B9A5-EED669426A0B}.Debug|Any CPU.Build.0 = Debug|x64
		{55A0D1C5-8BD7-49E8-B9A5-EED669426A0B}.Debug|Any CPU.Deploy.0 = Debug|x64
		{55A0D1C5-8BD7-49E8-B9A5-EED669426A0B}.Release|Any CPU.ActiveCfg = Release|x64
		{55A0D1C5-8BD7-49E8-B9A5-EED669426A0B}.Release|Any CPU.Build.0 = Release|x64
		{55A0D1C5-8BD7-49E8-B9A5-EED669426A0B}.Release|Any CPU.Deploy.0 = Release|x64
	EndGlobalSection
	GlobalSection(SolutionProperties) = preSolution
		HideSolutionNode = FALSE
	EndGlobalSection
	GlobalSection(NestedProjects) = preSolution
		{3EC75FFC-FD6E-4527-92FE-CF9CBE306890} = {02EA681E-C7D8-13C7-8484-4AC65E1B71E8}
		{AA949C00-3E3F-419C-8CB0-2B9A4249A379} = {E1219D95-2C95-48B7-A654-A39ECFD5B910}
		{093BFA28-E638-411C-90F5-8ADFBAB5FAC3} = {3FA46009-7CEA-47A9-AC09-24E9AD9CD79F}
		{F71D269A-060A-4AAA-9686-EE1DE1B85D6F} = {3FA46009-7CEA-47A9-AC09-24E9AD9CD79F}
		{02E3F6D9-063C-4CE9-9C93-2FC86921C95F} = {3FA46009-7CEA-47A9-AC09-24E9AD9CD79F}
		{E6FE2CE3-6170-48F7-8DF0-AC99480FFB2D} = {8A9106CC-7A80-467D-ADCE-FC9365D6303E}
		{794C2018-9ABE-4453-A94C-57FBC374B29E} = {8A9106CC-7A80-467D-ADCE-FC9365D6303E}
		{74877EB4-E6BC-435B-B8EE-DA4C59CD20EB} = {8A9106CC-7A80-467D-ADCE-FC9365D6303E}
		{5AF58793-337C-49E2-8A36-7BB6F339A40F} = {B661D24C-801D-45F3-B521-56F85B2456FF}
		{2C3D634F-C185-41F3-96BC-2DDF4C06E3D8} = {B661D24C-801D-45F3-B521-56F85B2456FF}
		{55A0D1C5-8BD7-49E8-B9A5-EED669426A0B} = {B661D24C-801D-45F3-B521-56F85B2456FF}
	EndGlobalSection
	GlobalSection(ExtensibilityGlobals) = postSolution
		SolutionGuid = {37636AE7-1AB3-437B-81CE-7BD8EFFAC7BB}
	EndGlobalSection
EndGlobal
